
Microsoft Visual Studio Solution File, Format Version 12.00
# Visual Studio 14
VisualStudioVersion = 14.0.25420.1
MinimumVisualStudioVersion = 10.0.40219.1
Project("{FAE04EC0-301F-11D3-BF4B-00C04F79EFBC}") = "Bluejay", "Bluejay\Bluejay.csproj", "{327175B2-644A-4A48-AD76-B3B89E1958C3}"
EndProject
Project("{FAE04EC0-301F-11D3-BF4B-00C04F79EFBC}") = "Bluejay.Core", "Bluejay.Core\Bluejay.Core.csproj", "{32149956-AB6C-4E40-951C-E93055594B44}"
EndProject
Global
	GlobalSection(SolutionConfigurationPlatforms) = preSolution
		Debug|Any CPU = Debug|Any CPU
		Release|Any CPU = Release|Any CPU
	EndGlobalSection
	GlobalSection(ProjectConfigurationPlatforms) = postSolution
		{327175B2-644A-4A48-AD76-B3B89E1958C3}.Debug|Any CPU.ActiveCfg = Debug|Any CPU
		{327175B2-644A-4A48-AD76-B3B89E1958C3}.Debug|Any CPU.Build.0 = Debug|Any CPU
		{327175B2-644A-4A48-AD76-B3B89E1958C3}.Release|Any CPU.ActiveCfg = Release|Any CPU
		{327175B2-644A-4A48-AD76-B3B89E1958C3}.Release|Any CPU.Build.0 = Release|Any CPU
		{32149956-AB6C-4E40-951C-E93055594B44}.Debug|Any CPU.ActiveCfg = Debug|Any CPU
		{32149956-AB6C-4E40-951C-E93055594B44}.Debug|Any CPU.Build.0 = Debug|Any CPU
		{32149956-AB6C-4E40-951C-E93055594B44}.Release|Any CPU.ActiveCfg = Release|Any CPU
		{32149956-AB6C-4E40-951C-E93055594B44}.Release|Any CPU.Build.0 = Release|Any CPU
	EndGlobalSection
	GlobalSection(SolutionProperties) = preSolution
		HideSolutionNode = FALSE
	EndGlobalSection
EndGlobal
